{
    "_readme": [
        "This file locks the dependencies of your project to a known state",
        "Read more about it at http://getcomposer.org/doc/01-basic-usage.md#composer-lock-the-lock-file",
        "This file is @generated automatically"
    ],
    "hash": "5efcd94921f0337644d59017f7acf256",
    "packages": [
        {
            "name": "athletic/athletic",
            "version": "dev-master",
            "source": {
                "type": "git",
                "url": "https://github.com/polyfractal/athletic.git",
                "reference": "ab1f8134ebba46aa08e18f7bb1426e8db474001c"
            },
            "dist": {
                "type": "zip",
                "url": "https://api.github.com/repos/polyfractal/athletic/zipball/ab1f8134ebba46aa08e18f7bb1426e8db474001c",
                "reference": "ab1f8134ebba46aa08e18f7bb1426e8db474001c",
                "shasum": ""
            },
            "require": {
                "nategood/commando": "0.2.1",
                "php": ">=5.3.9",
                "pimple/pimple": ">=1.0,<3.0",
                "zeptech/annotations": "1.1.*"
            },
            "require-dev": {
                "mikey179/vfsstream": "1.2.*",
                "mockery/mockery": "0.8.*",
                "phpunit/phpunit": "~4.0",
                "satooshi/php-coveralls": "0.6.*"
            },
            "bin": [
                "bin/athletic"
            ],
            "type": "library",
            "autoload": {
                "psr-0": {
                    "Athletic": "src/"
                }
            },
            "notification-url": "https://packagist.org/downloads/",
            "license": [
                "MIT"
            ],
            "authors": [
                {
                    "name": "Zachary Tong"
                }
            ],
            "description": "PHP Benchmarking Framework",
            "keywords": [
                "benchmark",
                "benchmarking",
                "profiling"
            ],
            "time": "2014-11-14 12:27:11"
        },
        {
            "name": "corneltek/class-template",
            "version": "1.4.2",
            "source": {
                "type": "git",
                "url": "https://github.com/c9s/ClassTemplate.git",
                "reference": "3b409455373cb4e0283b42fa8e6cd3fac328c6a7"
            },
            "dist": {
                "type": "zip",
                "url": "https://api.github.com/repos/c9s/ClassTemplate/zipball/3b409455373cb4e0283b42fa8e6cd3fac328c6a7",
                "reference": "3b409455373cb4e0283b42fa8e6cd3fac328c6a7",
                "shasum": ""
            },
            "require": {
                "php": ">=5.3.0",
                "twig/twig": "~1"
            },
            "require-dev": {
                "corneltek/phpunit-testmore": "dev-master"
            },
            "type": "library",
            "autoload": {
                "psr-4": {
                    "ClassTemplate\\": "src/ClassTemplate/"
                }
            },
            "notification-url": "https://packagist.org/downloads/",
            "license": [
                "MIT"
            ],
            "authors": [
                {
                    "name": "Yo-An Lin",
                    "email": "yoanlin93@gmail.com",
                    "homepage": "http://c9s.me"
                }
            ],
            "description": "Class template Utilities",
            "homepage": "http://github.com/c9s/ClassTemplate",
            "time": "2014-10-03 17:01:46"
        },
        {
            "name": "corneltek/cliframework",
            "version": "2.0.4",
            "source": {
                "type": "git",
                "url": "https://github.com/c9s/CLIFramework.git",
                "reference": "11b91651d98b8968a1d280693c9cfdf7dbb95e3c"
            },
            "dist": {
                "type": "zip",
                "url": "https://api.github.com/repos/c9s/CLIFramework/zipball/11b91651d98b8968a1d280693c9cfdf7dbb95e3c",
                "reference": "11b91651d98b8968a1d280693c9cfdf7dbb95e3c",
                "shasum": ""
            },
            "require": {
                "corneltek/class-template": "~1.4",
                "corneltek/getoptionkit": "~2",
                "php": ">=5.3.0"
            },
            "require-dev": {
                "corneltek/phpunit-testmore": "dev-master",
                "satooshi/php-coveralls": "dev-master"
            },
            "type": "library",
            "autoload": {
                "psr-0": {
                    "CLIFramework": "src"
                }
            },
            "notification-url": "https://packagist.org/downloads/",
            "license": [
                "MIT"
            ],
            "authors": [
                {
                    "name": "Yo-An Lin",
                    "email": "cornelius.howl@gmail.com",
                    "homepage": "http://c9s.me"
                }
            ],
            "description": "Command-line framework for PHP",
            "homepage": "http://github.com/c9s/CLIFramework",
            "time": "2014-11-20 07:38:48"
        },
        {
            "name": "corneltek/getoptionkit",
            "version": "2.0.11",
            "source": {
                "type": "git",
                "url": "https://github.com/c9s/GetOptionKit.git",
                "reference": "13a146e0f7b9161977332279dff894fa28c53168"
            },
            "dist": {
                "type": "zip",
                "url": "https://api.github.com/repos/c9s/GetOptionKit/zipball/13a146e0f7b9161977332279dff894fa28c53168",
                "reference": "13a146e0f7b9161977332279dff894fa28c53168",
                "shasum": ""
            },
            "require": {
                "php": ">=5.3.0"
            },
            "require-dev": {
                "corneltek/phpunit-testmore": "dev-master",
                "satooshi/php-coveralls": "dev-master"
            },
            "type": "library",
            "autoload": {
                "psr-0": {
                    "GetOptionKit": "src"
                }
            },
            "notification-url": "https://packagist.org/downloads/",
            "license": [
                "MIT"
            ],
            "authors": [
                {
                    "name": "Yo-An Lin",
                    "email": "cornelius.howl@gmail.com",
                    "homepage": "http://c9s.me"
                }
            ],
            "description": "Powerful command-line option toolkit",
            "homepage": "http://github.com/c9s/GetOptionKit",
            "time": "2014-11-21 03:28:57"
        },
        {
            "name": "corneltek/pux",
            "version": "1.5.2",
            "source": {
                "type": "git",
                "url": "https://github.com/c9s/Pux.git",
                "reference": "7776cfdd7e4f268fb5aaa781aee406b6d6486f8e"
            },
            "dist": {
                "type": "zip",
                "url": "https://api.github.com/repos/c9s/Pux/zipball/7776cfdd7e4f268fb5aaa781aee406b6d6486f8e",
                "reference": "7776cfdd7e4f268fb5aaa781aee406b6d6486f8e",
                "shasum": ""
            },
            "require-dev": {
                "corneltek/cliframework": "dev-master",
                "corneltek/phpunit-testmore": "dev-master",
                "corneltek/universal": "dev-master"
            },
            "type": "library",
            "autoload": {
                "psr-0": {
                    "Pux": "src"
                }
            },
            "notification-url": "https://packagist.org/downloads/",
            "authors": [
                {
                    "name": "c9s",
                    "email": "cornelius.howl@gmail.com"
                }
            ],
            "description": "Fast PHP router",
            "time": "2014-09-29 15:36:44"
        },
        {
            "name": "kevinlebrun/colors.php",
            "version": "0.2.0",
            "source": {
                "type": "git",
                "url": "https://github.com/kevinlebrun/colors.php.git",
                "reference": "b13d23b9365ece519abc0eaa77cd3061c5810d30"
            },
            "dist": {
                "type": "zip",
                "url": "https://api.github.com/repos/kevinlebrun/colors.php/zipball/b13d23b9365ece519abc0eaa77cd3061c5810d30",
                "reference": "b13d23b9365ece519abc0eaa77cd3061c5810d30",
                "shasum": ""
            },
            "require": {
                "php": ">=5.3.0"
            },
            "type": "library",
            "autoload": {
                "psr-0": {
                    "Colors": "lib/"
                }
            },
            "notification-url": "https://packagist.org/downloads/",
            "license": [
                "MIT"
            ],
            "authors": [
                {
                    "name": "Kevin Le Brun",
                    "email": "lebrun.k@gmail.com",
                    "homepage": "http://kevinlebrun.fr",
                    "role": "developer"
                }
            ],
            "description": "Colors for PHP CLI scripts",
            "homepage": "https://github.com/kevinlebrun/colors.php",
            "keywords": [
                "cli",
                "color",
                "colors",
                "console",
                "shell"
            ],
            "time": "2012-03-25 18:18:10"
        },
        {
            "name": "nategood/commando",
            "version": "0.2.1",
            "source": {
                "type": "git",
                "url": "https://github.com/nategood/commando.git",
                "reference": "b8e475d08a6ff1c0f2b89391e777c4e71fc1a6e1"
            },
            "dist": {
                "type": "zip",
                "url": "https://api.github.com/repos/nategood/commando/zipball/b8e475d08a6ff1c0f2b89391e777c4e71fc1a6e1",
                "reference": "b8e475d08a6ff1c0f2b89391e777c4e71fc1a6e1",
                "shasum": ""
            },
            "require": {
                "kevinlebrun/colors.php": "0.2.*",
                "php": ">=5.3"
            },
            "type": "library",
            "autoload": {
                "psr-0": {
                    "Commando": "src/"
                }
            },
            "notification-url": "https://packagist.org/downloads/",
            "license": [
                "MIT"
            ],
            "authors": [
                {
                    "name": "Nate Good",
                    "email": "me@nategood.com",
                    "homepage": "http://nategood.com"
                }
            ],
            "description": "PHP CLI Commando Style",
            "homepage": "http://github.com/nategood/commando",
            "keywords": [
                "automation",
                "cli",
                "command",
                "command line",
                "command line interface",
                "scripting"
            ],
            "time": "2012-10-07 15:35:37"
        },
        {
            "name": "nikic/fast-route",
            "version": "dev-master",
            "source": {
                "type": "git",
                "url": "https://github.com/nikic/FastRoute.git",
                "reference": "88ac2888aa29d888cf3f447899753a4a1e599759"
            },
            "dist": {
                "type": "zip",
                "url": "https://api.github.com/repos/nikic/FastRoute/zipball/88ac2888aa29d888cf3f447899753a4a1e599759",
                "reference": "88ac2888aa29d888cf3f447899753a4a1e599759",
                "shasum": ""
            },
            "require": {
                "php": ">=5.4.0"
            },
            "type": "library",
            "autoload": {
                "psr-4": {
                    "FastRoute\\": "src/"
                },
                "files": [
                    "src/functions.php"
                ]
            },
            "notification-url": "https://packagist.org/downloads/",
            "license": [
                "BSD-3-Clause"
            ],
            "authors": [
                {
                    "name": "Nikita Popov",
                    "email": "nikic@php.net"
                }
            ],
            "description": "Fast request router for PHP",
            "keywords": [
                "router",
                "routing"
            ],
            "time": "2014-09-30 16:53:49"
        },
        {
            "name": "pimple/pimple",
            "version": "v2.1.1",
            "source": {
                "type": "git",
                "url": "https://github.com/silexphp/Pimple.git",
                "reference": "ea22fb2880faf7b7b0e17c9809c6fe25b071fd76"
            },
            "dist": {
                "type": "zip",
                "url": "https://api.github.com/repos/silexphp/Pimple/zipball/ea22fb2880faf7b7b0e17c9809c6fe25b071fd76",
                "reference": "ea22fb2880faf7b7b0e17c9809c6fe25b071fd76",
                "shasum": ""
            },
            "require": {
                "php": ">=5.3.0"
            },
            "type": "library",
            "extra": {
                "branch-alias": {
                    "dev-master": "2.1.x-dev"
                }
            },
            "autoload": {
                "psr-0": {
                    "Pimple": "src/"
                }
            },
            "notification-url": "https://packagist.org/downloads/",
            "license": [
                "MIT"
            ],
            "authors": [
                {
                    "name": "Fabien Potencier",
                    "email": "fabien@symfony.com"
                }
            ],
            "description": "Pimple is a simple Dependency Injection Container for PHP 5.3",
            "homepage": "http://pimple.sensiolabs.org",
            "keywords": [
                "container",
                "dependency injection"
            ],
            "time": "2014-07-24 07:10:08"
        },
        {
            "name": "twig/twig",
            "version": "v1.16.2",
            "source": {
                "type": "git",
                "url": "https://github.com/twigphp/Twig.git",
                "reference": "42f758d9fe2146d1f0470604fc05ee43580873fc"
            },
            "dist": {
                "type": "zip",
                "url": "https://api.github.com/repos/twigphp/Twig/zipball/42f758d9fe2146d1f0470604fc05ee43580873fc",
                "reference": "42f758d9fe2146d1f0470604fc05ee43580873fc",
                "shasum": ""
            },
            "require": {
                "php": ">=5.2.4"
            },
            "type": "library",
            "extra": {
                "branch-alias": {
                    "dev-master": "1.16-dev"
                }
            },
            "autoload": {
                "psr-0": {
                    "Twig_": "lib/"
                }
            },
            "notification-url": "https://packagist.org/downloads/",
            "license": [
                "BSD-3-Clause"
            ],
            "authors": [
                {
                    "name": "Fabien Potencier",
                    "email": "fabien@symfony.com",
                    "homepage": "http://fabien.potencier.org",
                    "role": "Lead Developer"
                },
                {
                    "name": "Armin Ronacher",
                    "email": "armin.ronacher@active-4.com",
                    "role": "Project Founder"
                },
                {
                    "name": "Twig Team",
                    "homepage": "https://github.com/fabpot/Twig/graphs/contributors",
                    "role": "Contributors"
                }
            ],
            "description": "Twig, the flexible, fast, and secure template language for PHP",
            "homepage": "http://twig.sensiolabs.org",
            "keywords": [
                "templating"
            ],
            "time": "2014-10-17 12:53:44"
        },
        {
            "name": "zeptech/annotations",
            "version": "1.1.0",
            "source": {
                "type": "git",
                "url": "https://github.com/pgraham/php-annotations.git",
                "reference": "9cd042daa9ace184d04b49f0605edf73f19a9c71"
            },
            "dist": {
                "type": "zip",
                "url": "https://api.github.com/repos/pgraham/php-annotations/zipball/9cd042daa9ace184d04b49f0605edf73f19a9c71",
                "reference": "9cd042daa9ace184d04b49f0605edf73f19a9c71",
                "shasum": ""
            },
            "require": {
                "php": ">=5.3.0"
            },
            "type": "library",
            "autoload": {
                "psr-0": {
                    "zpt\\anno": ""
                }
            },
            "notification-url": "https://packagist.org/downloads/",
            "license": [
                "BSD"
            ],
            "authors": [
                {
                    "name": "Philip Graham",
                    "email": "philip@zeptech.ca"
                }
            ],
            "description": "DOC Block annotation parsing for PHP",
            "homepage": "https://github.com/pgraham/php-annotations",
            "keywords": [
                "annotations"
            ],
            "time": "2013-05-29 02:35:23"
        }
    ],
    "packages-dev": [],
    "aliases": [],
    "minimum-stability": "stable",
    "stability-flags": {
        "nikic/fast-route": 20,
        "athletic/athletic": 20
    },
    "prefer-stable": false,
    "platform": [],
    "platform-dev": []
}
